
Microsoft Visual Studio Solution File, Format Version 12.00
# Visual Studio Version 17
VisualStudioVersion = 17.3.32901.215
MinimumVisualStudioVersion = 10.0.40219.1
Project("{FAE04EC0-301F-11D3-BF4B-00C04F79EFBC}") = "CabInvoiceGenerator-batch222", "CabInvoiceGenerator-batch222\CabInvoiceGenerator-batch222.csproj", "{A5F042C4-51D0-4FD7-BFD1-C8F08D9227F0}"
EndProject
Project("{FAE04EC0-301F-11D3-BF4B-00C04F79EFBC}") = "CabInvoiceTestProject1", "CabInvoiceTestProject1\CabInvoiceTestProject1.csproj", "{A015CC9E-A264-407F-B1E0-39E41DACE6E7}"
EndProject
Global
	GlobalSection(SolutionConfigurationPlatforms) = preSolution
		Debug|Any CPU = Debug|Any CPU
		Release|Any CPU = Release|Any CPU
	EndGlobalSection
	GlobalSection(ProjectConfigurationPlatforms) = postSolution
		{A5F042C4-51D0-4FD7-BFD1-C8F08D9227F0}.Debug|Any CPU.ActiveCfg = Debug|Any CPU
		{A5F042C4-51D0-4FD7-BFD1-C8F08D9227F0}.Debug|Any CPU.Build.0 = Debug|Any CPU
		{A5F042C4-51D0-4FD7-BFD1-C8F08D9227F0}.Release|Any CPU.ActiveCfg = Release|Any CPU
		{A5F042C4-51D0-4FD7-BFD1-C8F08D9227F0}.Release|Any CPU.Build.0 = Release|Any CPU
		{A015CC9E-A264-407F-B1E0-39E41DACE6E7}.Debug|Any CPU.ActiveCfg = Debug|Any CPU
		{A015CC9E-A264-407F-B1E0-39E41DACE6E7}.Debug|Any CPU.Build.0 = Debug|Any CPU
		{A015CC9E-A264-407F-B1E0-39E41DACE6E7}.Release|Any CPU.ActiveCfg = Release|Any CPU
		{A015CC9E-A264-407F-B1E0-39E41DACE6E7}.Release|Any CPU.Build.0 = Release|Any CPU
	EndGlobalSection
	GlobalSection(SolutionProperties) = preSolution
		HideSolutionNode = FALSE
	EndGlobalSection
	GlobalSection(ExtensibilityGlobals) = postSolution
		SolutionGuid = {6968FE19-0F94-435F-9374-E0A40CD4CEAD}
	EndGlobalSection
EndGlobal
